// !$*UTF8*$!
{
	archiveVersion = 1;
	classes = {
	};
	objectVersion = 55;
	objects = {

/* Begin PBXBuildFile section */
		302B90262858DFE7004A1062 /* RxSwift in Frameworks */ = {isa = PBXBuildFile; productRef = 302B90252858DFE7004A1062 /* RxSwift */; };
		302B90282858E1B4004A1062 /* FilmModel.swift in Sources */ = {isa = PBXBuildFile; fileRef = 302B90272858E1B4004A1062 /* FilmModel.swift */; };
		302B902B2858E47D004A1062 /* CinemaListCell.xib in Resources */ = {isa = PBXBuildFile; fileRef = 302B90292858E47D004A1062 /* CinemaListCell.xib */; };
		302B902C2858E47D004A1062 /* CinemaListCell.swift in Sources */ = {isa = PBXBuildFile; fileRef = 302B902A2858E47D004A1062 /* CinemaListCell.swift */; };
		303259E12858DB9C000FBE92 /* RxCocoa in Frameworks */ = {isa = PBXBuildFile; productRef = 303259E02858DB9C000FBE92 /* RxCocoa */; };
		303259EA2858DCEF000FBE92 /* SDWebImage in Frameworks */ = {isa = PBXBuildFile; productRef = 303259E92858DCEF000FBE92 /* SDWebImage */; };
		303259EC2858DD27000FBE92 /* BaseRequest.swift in Sources */ = {isa = PBXBuildFile; fileRef = 303259EB2858DD27000FBE92 /* BaseRequest.swift */; };
		303259EF2858DD49000FBE92 /* Alamofire in Frameworks */ = {isa = PBXBuildFile; productRef = 303259EE2858DD49000FBE92 /* Alamofire */; };
		303259F12858DDA3000FBE92 /* HomeViewModel.swift in Sources */ = {isa = PBXBuildFile; fileRef = 303259F02858DDA3000FBE92 /* HomeViewModel.swift */; };
		8C3F8EAC2816AB13007D73BF /* AppDelegate.swift in Sources */ = {isa = PBXBuildFile; fileRef = 8C3F8EAB2816AB13007D73BF /* AppDelegate.swift */; };
		8C3F8EAE2816AB13007D73BF /* SceneDelegate.swift in Sources */ = {isa = PBXBuildFile; fileRef = 8C3F8EAD2816AB13007D73BF /* SceneDelegate.swift */; };
		8C3F8EB02816AB13007D73BF /* ViewController.swift in Sources */ = {isa = PBXBuildFile; fileRef = 8C3F8EAF2816AB13007D73BF /* ViewController.swift */; };
		8C3F8EB32816AB13007D73BF /* Main.storyboard in Resources */ = {isa = PBXBuildFile; fileRef = 8C3F8EB12816AB13007D73BF /* Main.storyboard */; };
		8C3F8EB52816AB15007D73BF /* Assets.xcassets in Resources */ = {isa = PBXBuildFile; fileRef = 8C3F8EB42816AB15007D73BF /* Assets.xcassets */; };
		8C3F8EB82816AB15007D73BF /* LaunchScreen.storyboard in Resources */ = {isa = PBXBuildFile; fileRef = 8C3F8EB62816AB15007D73BF /* LaunchScreen.storyboard */; };
		8C3F8EC02816ABBD007D73BF /* CarouselView.swift in Sources */ = {isa = PBXBuildFile; fileRef = 8C3F8EBF2816ABBD007D73BF /* CarouselView.swift */; };
/* End PBXBuildFile section */

/* Begin PBXFileReference section */
		302B90272858E1B4004A1062 /* FilmModel.swift */ = {isa = PBXFileReference; lastKnownFileType = sourcecode.swift; path = FilmModel.swift; sourceTree = "<group>"; };
		302B90292858E47D004A1062 /* CinemaListCell.xib */ = {isa = PBXFileReference; fileEncoding = 4; lastKnownFileType = file.xib; name = CinemaListCell.xib; path = Cell/CinemaListCell.xib; sourceTree = "<group>"; };
		302B902A2858E47D004A1062 /* CinemaListCell.swift */ = {isa = PBXFileReference; fileEncoding = 4; lastKnownFileType = sourcecode.swift; name = CinemaListCell.swift; path = Cell/CinemaListCell.swift; sourceTree = "<group>"; };
		303259EB2858DD27000FBE92 /* BaseRequest.swift */ = {isa = PBXFileReference; lastKnownFileType = sourcecode.swift; path = BaseRequest.swift; sourceTree = "<group>"; };
		303259F02858DDA3000FBE92 /* HomeViewModel.swift */ = {isa = PBXFileReference; lastKnownFileType = sourcecode.swift; path = HomeViewModel.swift; sourceTree = "<group>"; };
		8C3F8EA82816AB13007D73BF /* Carousel.app */ = {isa = PBXFileReference; explicitFileType = wrapper.application; includeInIndex = 0; path = Carousel.app; sourceTree = BUILT_PRODUCTS_DIR; };
		8C3F8EAB2816AB13007D73BF /* AppDelegate.swift */ = {isa = PBXFileReference; lastKnownFileType = sourcecode.swift; path = AppDelegate.swift; sourceTree = "<group>"; };
		8C3F8EAD2816AB13007D73BF /* SceneDelegate.swift */ = {isa = PBXFileReference; lastKnownFileType = sourcecode.swift; path = SceneDelegate.swift; sourceTree = "<group>"; };
		8C3F8EAF2816AB13007D73BF /* ViewController.swift */ = {isa = PBXFileReference; lastKnownFileType = sourcecode.swift; path = ViewController.swift; sourceTree = "<group>"; };
		8C3F8EB22816AB13007D73BF /* Base */ = {isa = PBXFileReference; lastKnownFileType = file.storyboard; name = Base; path = Base.lproj/Main.storyboard; sourceTree = "<group>"; };
		8C3F8EB42816AB15007D73BF /* Assets.xcassets */ = {isa = PBXFileReference; lastKnownFileType = folder.assetcatalog; path = Assets.xcassets; sourceTree = "<group>"; };
		8C3F8EB72816AB15007D73BF /* Base */ = {isa = PBXFileReference; lastKnownFileType = file.storyboard; name = Base; path = Base.lproj/LaunchScreen.storyboard; sourceTree = "<group>"; };
		8C3F8EB92816AB15007D73BF /* Info.plist */ = {isa = PBXFileReference; lastKnownFileType = text.plist.xml; path = Info.plist; sourceTree = "<group>"; };
		8C3F8EBF2816ABBD007D73BF /* CarouselView.swift */ = {isa = PBXFileReference; lastKnownFileType = sourcecode.swift; path = CarouselView.swift; sourceTree = "<group>"; };
/* End PBXFileReference section */

/* Begin PBXFrameworksBuildPhase section */
		8C3F8EA52816AB13007D73BF /* Frameworks */ = {
			isa = PBXFrameworksBuildPhase;
			buildActionMask = 2147483647;
			files = (
				303259EF2858DD49000FBE92 /* Alamofire in Frameworks */,
				303259E12858DB9C000FBE92 /* RxCocoa in Frameworks */,
				302B90262858DFE7004A1062 /* RxSwift in Frameworks */,
				303259EA2858DCEF000FBE92 /* SDWebImage in Frameworks */,
			);
			runOnlyForDeploymentPostprocessing = 0;
		};
/* End PBXFrameworksBuildPhase section */

/* Begin PBXGroup section */
		8C3F8E9F2816AB13007D73BF = {
			isa = PBXGroup;
			children = (
				8C3F8EAA2816AB13007D73BF /* Carousel */,
				8C3F8EA92816AB13007D73BF /* Products */,
			);
			sourceTree = "<group>";
		};
		8C3F8EA92816AB13007D73BF /* Products */ = {
			isa = PBXGroup;
			children = (
				8C3F8EA82816AB13007D73BF /* Carousel.app */,
			);
			name = Products;
			sourceTree = "<group>";
		};
		8C3F8EAA2816AB13007D73BF /* Carousel */ = {
			isa = PBXGroup;
			children = (
				302B902A2858E47D004A1062 /* CinemaListCell.swift */,
				302B90292858E47D004A1062 /* CinemaListCell.xib */,
				8C3F8EAB2816AB13007D73BF /* AppDelegate.swift */,
				8C3F8EAD2816AB13007D73BF /* SceneDelegate.swift */,
				8C3F8EAF2816AB13007D73BF /* ViewController.swift */,
				8C3F8EBF2816ABBD007D73BF /* CarouselView.swift */,
				8C3F8EB12816AB13007D73BF /* Main.storyboard */,
				8C3F8EB42816AB15007D73BF /* Assets.xcassets */,
				8C3F8EB62816AB15007D73BF /* LaunchScreen.storyboard */,
				8C3F8EB92816AB15007D73BF /* Info.plist */,
				303259EB2858DD27000FBE92 /* BaseRequest.swift */,
				303259F02858DDA3000FBE92 /* HomeViewModel.swift */,
				302B90272858E1B4004A1062 /* FilmModel.swift */,
			);
			path = Carousel;
			sourceTree = "<group>";
		};
/* End PBXGroup section */

/* Begin PBXNativeTarget section */
		8C3F8EA72816AB13007D73BF /* Carousel */ = {
			isa = PBXNativeTarget;
			buildConfigurationList = 8C3F8EBC2816AB15007D73BF /* Build configuration list for PBXNativeTarget "Carousel" */;
			buildPhases = (
				8C3F8EA42816AB13007D73BF /* Sources */,
				8C3F8EA52816AB13007D73BF /* Frameworks */,
				8C3F8EA62816AB13007D73BF /* Resources */,
			);
			buildRules = (
			);
			dependencies = (
			);
			name = Carousel;
			packageProductDependencies = (
				303259E02858DB9C000FBE92 /* RxCocoa */,
				303259E92858DCEF000FBE92 /* SDWebImage */,
				303259EE2858DD49000FBE92 /* Alamofire */,
				302B90252858DFE7004A1062 /* RxSwift */,
			);
			productName = Carousel;
			productReference = 8C3F8EA82816AB13007D73BF /* Carousel.app */;
			productType = "com.apple.product-type.application";
		};
/* End PBXNativeTarget section */

/* Begin PBXProject section */
		8C3F8EA02816AB13007D73BF /* Project object */ = {
			isa = PBXProject;
			attributes = {
				BuildIndependentTargetsInParallel = 1;
				LastSwiftUpdateCheck = 1320;
				LastUpgradeCheck = 1320;
				TargetAttributes = {
					8C3F8EA72816AB13007D73BF = {
						CreatedOnToolsVersion = 13.2.1;
					};
				};
			};
			buildConfigurationList = 8C3F8EA32816AB13007D73BF /* Build configuration list for PBXProject "Carousel" */;
			compatibilityVersion = "Xcode 13.0";
			developmentRegion = en;
			hasScannedForEncodings = 0;
			knownRegions = (
				en,
				Base,
			);
			mainGroup = 8C3F8E9F2816AB13007D73BF;
			packageReferences = (
				303259DF2858DB9C000FBE92 /* XCRemoteSwiftPackageReference "RxSwift" */,
				303259E82858DCEE000FBE92 /* XCRemoteSwiftPackageReference "SDWebImage" */,
				303259ED2858DD49000FBE92 /* XCRemoteSwiftPackageReference "Alamofire" */,
				302B90242858DFE7004A1062 /* XCRemoteSwiftPackageReference "RxSwift" */,
			);
			productRefGroup = 8C3F8EA92816AB13007D73BF /* Products */;
			projectDirPath = "";
			projectRoot = "";
			targets = (
				8C3F8EA72816AB13007D73BF /* Carousel */,
			);
		};
/* End PBXProject section */

/* Begin PBXResourcesBuildPhase section */
		8C3F8EA62816AB13007D73BF /* Resources */ = {
			isa = PBXResourcesBuildPhase;
			buildActionMask = 2147483647;
			files = (
				302B902B2858E47D004A1062 /* CinemaListCell.xib in Resources */,
				8C3F8EB82816AB15007D73BF /* LaunchScreen.storyboard in Resources */,
				8C3F8EB52816AB15007D73BF /* Assets.xcassets in Resources */,
				8C3F8EB32816AB13007D73BF /* Main.storyboard in Resources */,
			);
			runOnlyForDeploymentPostprocessing = 0;
		};
/* End PBXResourcesBuildPhase section */

/* Begin PBXSourcesBuildPhase section */
		8C3F8EA42816AB13007D73BF /* Sources */ = {
			isa = PBXSourcesBuildPhase;
			buildActionMask = 2147483647;
			files = (
				302B902C2858E47D004A1062 /* CinemaListCell.swift in Sources */,
				303259EC2858DD27000FBE92 /* BaseRequest.swift in Sources */,
				303259F12858DDA3000FBE92 /* HomeViewModel.swift in Sources */,
				8C3F8EB02816AB13007D73BF /* ViewController.swift in Sources */,
				8C3F8EAC2816AB13007D73BF /* AppDelegate.swift in Sources */,
				302B90282858E1B4004A1062 /* FilmModel.swift in Sources */,
				8C3F8EC02816ABBD007D73BF /* CarouselView.swift in Sources */,
				8C3F8EAE2816AB13007D73BF /* SceneDelegate.swift in Sources */,
			);
			runOnlyForDeploymentPostprocessing = 0;
		};
/* End PBXSourcesBuildPhase section */

/* Begin PBXVariantGroup section */
		8C3F8EB12816AB13007D73BF /* Main.storyboard */ = {
			isa = PBXVariantGroup;
			children = (
				8C3F8EB22816AB13007D73BF /* Base */,
			);
			name = Main.storyboard;
			sourceTree = "<group>";
		};
		8C3F8EB62816AB15007D73BF /* LaunchScreen.storyboard */ = {
			isa = PBXVariantGroup;
			children = (
				8C3F8EB72816AB15007D73BF /* Base */,
			);
			name = LaunchScreen.storyboard;
			sourceTree = "<group>";
		};
/* End PBXVariantGroup section */

/* Begin XCBuildConfiguration section */
		8C3F8EBA2816AB15007D73BF /* Debug */ = {
			isa = XCBuildConfiguration;
			buildSettings = {
				ALWAYS_SEARCH_USER_PATHS = NO;
				CLANG_ANALYZER_NONNULL = YES;
				CLANG_ANALYZER_NUMBER_OBJECT_CONVERSION = YES_AGGRESSIVE;
				CLANG_CXX_LANGUAGE_STANDARD = "gnu++17";
				CLANG_CXX_LIBRARY = "libc++";
				CLANG_ENABLE_MODULES = YES;
				CLANG_ENABLE_OBJC_ARC = YES;
				CLANG_ENABLE_OBJC_WEAK = YES;
				CLANG_WARN_BLOCK_CAPTURE_AUTORELEASING = YES;
				CLANG_WARN_BOOL_CONVERSION = YES;
				CLANG_WARN_COMMA = YES;
				CLANG_WARN_CONSTANT_CONVERSION = YES;
				CLANG_WARN_DEPRECATED_OBJC_IMPLEMENTATIONS = YES;
				CLANG_WARN_DIRECT_OBJC_ISA_USAGE = YES_ERROR;
				CLANG_WARN_DOCUMENTATION_COMMENTS = YES;
				CLANG_WARN_EMPTY_BODY = YES;
				CLANG_WARN_ENUM_CONVERSION = YES;
				CLANG_WARN_INFINITE_RECURSION = YES;
				CLANG_WARN_INT_CONVERSION = YES;
				CLANG_WARN_NON_LITERAL_NULL_CONVERSION = YES;
				CLANG_WARN_OBJC_IMPLICIT_RETAIN_SELF = YES;
				CLANG_WARN_OBJC_LITERAL_CONVERSION = YES;
				CLANG_WARN_OBJC_ROOT_CLASS = YES_ERROR;
				CLANG_WARN_QUOTED_INCLUDE_IN_FRAMEWORK_HEADER = YES;
				CLANG_WARN_RANGE_LOOP_ANALYSIS = YES;
				CLANG_WARN_STRICT_PROTOTYPES = YES;
				CLANG_WARN_SUSPICIOUS_MOVE = YES;
				CLANG_WARN_UNGUARDED_AVAILABILITY = YES_AGGRESSIVE;
				CLANG_WARN_UNREACHABLE_CODE = YES;
				CLANG_WARN__DUPLICATE_METHOD_MATCH = YES;
				COPY_PHASE_STRIP = NO;
				DEBUG_INFORMATION_FORMAT = dwarf;
				ENABLE_STRICT_OBJC_MSGSEND = YES;
				ENABLE_TESTABILITY = YES;
				GCC_C_LANGUAGE_STANDARD = gnu11;
				GCC_DYNAMIC_NO_PIC = NO;
				GCC_NO_COMMON_BLOCKS = YES;
				GCC_OPTIMIZATION_LEVEL = 0;
				GCC_PREPROCESSOR_DEFINITIONS = (
					"DEBUG=1",
					"$(inherited)",
				);
				GCC_WARN_64_TO_32_BIT_CONVERSION = YES;
				GCC_WARN_ABOUT_RETURN_TYPE = YES_ERROR;
				GCC_WARN_UNDECLARED_SELECTOR = YES;
				GCC_WARN_UNINITIALIZED_AUTOS = YES_AGGRESSIVE;
				GCC_WARN_UNUSED_FUNCTION = YES;
				GCC_WARN_UNUSED_VARIABLE = YES;
				IPHONEOS_DEPLOYMENT_TARGET = 15.2;
				MTL_ENABLE_DEBUG_INFO = INCLUDE_SOURCE;
				MTL_FAST_MATH = YES;
				ONLY_ACTIVE_ARCH = YES;
				SDKROOT = iphoneos;
				SWIFT_ACTIVE_COMPILATION_CONDITIONS = DEBUG;
				SWIFT_OPTIMIZATION_LEVEL = "-Onone";
			};
			name = Debug;
		};
		8C3F8EBB2816AB15007D73BF /* Release */ = {
			isa = XCBuildConfiguration;
			buildSettings = {
				ALWAYS_SEARCH_USER_PATHS = NO;
				CLANG_ANALYZER_NONNULL = YES;
				CLANG_ANALYZER_NUMBER_OBJECT_CONVERSION = YES_AGGRESSIVE;
				CLANG_CXX_LANGUAGE_STANDARD = "gnu++17";
				CLANG_CXX_LIBRARY = "libc++";
				CLANG_ENABLE_MODULES = YES;
				CLANG_ENABLE_OBJC_ARC = YES;
				CLANG_ENABLE_OBJC_WEAK = YES;
				CLANG_WARN_BLOCK_CAPTURE_AUTORELEASING = YES;
				CLANG_WARN_BOOL_CONVERSION = YES;
				CLANG_WARN_COMMA = YES;
				CLANG_WARN_CONSTANT_CONVERSION = YES;
				CLANG_WARN_DEPRECATED_OBJC_IMPLEMENTATIONS = YES;
				CLANG_WARN_DIRECT_OBJC_ISA_USAGE = YES_ERROR;
				CLANG_WARN_DOCUMENTATION_COMMENTS = YES;
				CLANG_WARN_EMPTY_BODY = YES;
				CLANG_WARN_ENUM_CONVERSION = YES;
				CLANG_WARN_INFINITE_RECURSION = YES;
				CLANG_WARN_INT_CONVERSION = YES;
				CLANG_WARN_NON_LITERAL_NULL_CONVERSION = YES;
				CLANG_WARN_OBJC_IMPLICIT_RETAIN_SELF = YES;
				CLANG_WARN_OBJC_LITERAL_CONVERSION = YES;
				CLANG_WARN_OBJC_ROOT_CLASS = YES_ERROR;
				CLANG_WARN_QUOTED_INCLUDE_IN_FRAMEWORK_HEADER = YES;
				CLANG_WARN_RANGE_LOOP_ANALYSIS = YES;
				CLANG_WARN_STRICT_PROTOTYPES = YES;
				CLANG_WARN_SUSPICIOUS_MOVE = YES;
				CLANG_WARN_UNGUARDED_AVAILABILITY = YES_AGGRESSIVE;
				CLANG_WARN_UNREACHABLE_CODE = YES;
				CLANG_WARN__DUPLICATE_METHOD_MATCH = YES;
				COPY_PHASE_STRIP = NO;
				DEBUG_INFORMATION_FORMAT = "dwarf-with-dsym";
				ENABLE_NS_ASSERTIONS = NO;
				ENABLE_STRICT_OBJC_MSGSEND = YES;
				GCC_C_LANGUAGE_STANDARD = gnu11;
				GCC_NO_COMMON_BLOCKS = YES;
				GCC_WARN_64_TO_32_BIT_CONVERSION = YES;
				GCC_WARN_ABOUT_RETURN_TYPE = YES_ERROR;
				GCC_WARN_UNDECLARED_SELECTOR = YES;
				GCC_WARN_UNINITIALIZED_AUTOS = YES_AGGRESSIVE;
				GCC_WARN_UNUSED_FUNCTION = YES;
				GCC_WARN_UNUSED_VARIABLE = YES;
				IPHONEOS_DEPLOYMENT_TARGET = 15.2;
				MTL_ENABLE_DEBUG_INFO = NO;
				MTL_FAST_MATH = YES;
				SDKROOT = iphoneos;
				SWIFT_COMPILATION_MODE = wholemodule;
				SWIFT_OPTIMIZATION_LEVEL = "-O";
				VALIDATE_PRODUCT = YES;
			};
			name = Release;
		};
		8C3F8EBD2816AB15007D73BF /* Debug */ = {
			isa = XCBuildConfiguration;
			buildSettings = {
				ASSETCATALOG_COMPILER_APPICON_NAME = AppIcon;
				ASSETCATALOG_COMPILER_GLOBAL_ACCENT_COLOR_NAME = AccentColor;
				CODE_SIGN_STYLE = Automatic;
				CURRENT_PROJECT_VERSION = 1;
				DEVELOPMENT_TEAM = VE4B6ZGW6Y;
				GENERATE_INFOPLIST_FILE = YES;
				INFOPLIST_FILE = Carousel/Info.plist;
				INFOPLIST_KEY_UIApplicationSupportsIndirectInputEvents = YES;
				INFOPLIST_KEY_UILaunchStoryboardName = LaunchScreen;
				INFOPLIST_KEY_UIMainStoryboardFile = Main;
				INFOPLIST_KEY_UISupportedInterfaceOrientations_iPad = "UIInterfaceOrientationPortrait UIInterfaceOrientationPortraitUpsideDown UIInterfaceOrientationLandscapeLeft UIInterfaceOrientationLandscapeRight";
				INFOPLIST_KEY_UISupportedInterfaceOrientations_iPhone = "UIInterfaceOrientationPortrait UIInterfaceOrientationLandscapeLeft UIInterfaceOrientationLandscapeRight";
				LD_RUNPATH_SEARCH_PATHS = (
					"$(inherited)",
					"@executable_path/Frameworks",
				);
				MARKETING_VERSION = 1.0;
				PRODUCT_BUNDLE_IDENTIFIER = dev.linhta.Carousel;
				PRODUCT_NAME = "$(TARGET_NAME)";
				SWIFT_EMIT_LOC_STRINGS = YES;
				SWIFT_VERSION = 5.0;
				TARGETED_DEVICE_FAMILY = "1,2";
			};
			name = Debug;
		};
		8C3F8EBE2816AB15007D73BF /* Release */ = {
			isa = XCBuildConfiguration;
			buildSettings = {
				ASSETCATALOG_COMPILER_APPICON_NAME = AppIcon;
				ASSETCATALOG_COMPILER_GLOBAL_ACCENT_COLOR_NAME = AccentColor;
				CODE_SIGN_STYLE = Automatic;
				CURRENT_PROJECT_VERSION = 1;
				DEVELOPMENT_TEAM = VE4B6ZGW6Y;
				GENERATE_INFOPLIST_FILE = YES;
				INFOPLIST_FILE = Carousel/Info.plist;
				INFOPLIST_KEY_UIApplicationSupportsIndirectInputEvents = YES;
				INFOPLIST_KEY_UILaunchStoryboardName = LaunchScreen;
				INFOPLIST_KEY_UIMainStoryboardFile = Main;
				INFOPLIST_KEY_UISupportedInterfaceOrientations_iPad = "UIInterfaceOrientationPortrait UIInterfaceOrientationPortraitUpsideDown UIInterfaceOrientationLandscapeLeft UIInterfaceOrientationLandscapeRight";
				INFOPLIST_KEY_UISupportedInterfaceOrientations_iPhone = "UIInterfaceOrientationPortrait UIInterfaceOrientationLandscapeLeft UIInterfaceOrientationLandscapeRight";
				LD_RUNPATH_SEARCH_PATHS = (
					"$(inherited)",
					"@executable_path/Frameworks",
				);
				MARKETING_VERSION = 1.0;
				PRODUCT_BUNDLE_IDENTIFIER = dev.linhta.Carousel;
				PRODUCT_NAME = "$(TARGET_NAME)";
				SWIFT_EMIT_LOC_STRINGS = YES;
				SWIFT_VERSION = 5.0;
				TARGETED_DEVICE_FAMILY = "1,2";
			};
			name = Release;
		};
/* End XCBuildConfiguration section */

/* Begin XCConfigurationList section */
		8C3F8EA32816AB13007D73BF /* Build configuration list for PBXProject "Carousel" */ = {
			isa = XCConfigurationList;
			buildConfigurations = (
				8C3F8EBA2816AB15007D73BF /* Debug */,
				8C3F8EBB2816AB15007D73BF /* Release */,
			);
			defaultConfigurationIsVisible = 0;
			defaultConfigurationName = Release;
		};
		8C3F8EBC2816AB15007D73BF /* Build configuration list for PBXNativeTarget "Carousel" */ = {
			isa = XCConfigurationList;
			buildConfigurations = (
				8C3F8EBD2816AB15007D73BF /* Debug */,
				8C3F8EBE2816AB15007D73BF /* Release */,
			);
			defaultConfigurationIsVisible = 0;
			defaultConfigurationName = Release;
		};
/* End XCConfigurationList section */

/* Begin XCRemoteSwiftPackageReference section */
		302B90242858DFE7004A1062 /* XCRemoteSwiftPackageReference "RxSwift" */ = {
			isa = XCRemoteSwiftPackageReference;
			repositoryURL = "https://github.com/ReactiveX/RxSwift";
			requirement = {
				branch = main;
				kind = branch;
			};
		};
		303259DF2858DB9C000FBE92 /* XCRemoteSwiftPackageReference "RxSwift" */ = {
			isa = XCRemoteSwiftPackageReference;
			repositoryURL = "https://github.com/ReactiveX/RxSwift";
			requirement = {
				branch = main;
				kind = branch;
			};
		};
		303259E82858DCEE000FBE92 /* XCRemoteSwiftPackageReference "SDWebImage" */ = {
			isa = XCRemoteSwiftPackageReference;
			repositoryURL = "https://github.com/SDWebImage/SDWebImage";
			requirement = {
				kind = upToNextMajorVersion;
				minimumVersion = 5.0.0;
			};
		};
		303259ED2858DD49000FBE92 /* XCRemoteSwiftPackageReference "Alamofire" */ = {
			isa = XCRemoteSwiftPackageReference;
			repositoryURL = "https://github.com/Alamofire/Alamofire";
			requirement = {
				kind = upToNextMajorVersion;
				minimumVersion = 5.0.0;
			};
		};
/* End XCRemoteSwiftPackageReference section */

/* Begin XCSwiftPackageProductDependency section */
		302B90252858DFE7004A1062 /* RxSwift */ = {
			isa = XCSwiftPackageProductDependency;
			package = 303259DF2858DB9C000FBE92 /* XCRemoteSwiftPackageReference "RxSwift" */;
			productName = RxSwift;
		};
		303259E02858DB9C000FBE92 /* RxCocoa */ = {
			isa = XCSwiftPackageProductDependency;
			package = 303259DF2858DB9C000FBE92 /* XCRemoteSwiftPackageReference "RxSwift" */;
			productName = RxCocoa;
		};
		303259E92858DCEF000FBE92 /* SDWebImage */ = {
			isa = XCSwiftPackageProductDependency;
			package = 303259E82858DCEE000FBE92 /* XCRemoteSwiftPackageReference "SDWebImage" */;
			productName = SDWebImage;
		};
		303259EE2858DD49000FBE92 /* Alamofire */ = {
			isa = XCSwiftPackageProductDependency;
			package = 303259ED2858DD49000FBE92 /* XCRemoteSwiftPackageReference "Alamofire" */;
			productName = Alamofire;
		};
/* End XCSwiftPackageProductDependency section */
	};
	rootObject = 8C3F8EA02816AB13007D73BF /* Project object */;
}
